{
  "meteor": {},
  "dependencies": {
    "basePackages": {
      "iron-router": {
        "git": "https://github.com/EventedMind/iron-router.git",
        "branch": "master"
      },
      "phantomjs": {
        "git": "https://github.com/gadicohen/meteor-phantomjs.git",
        "branch": "master"
      },
      "font-awesome": {},
      "bootstrap-3": {},
      "fork-me": {
        "git": "https://github.com/awatson1978/meteor-fork-me.git",
        "branch": "master"
      }
    },
    "packages": {
      "iron-router": {
        "git": "https://github.com/EventedMind/iron-router.git",
        "branch": "master",
        "commit": "1d64b343d34405d14cfc79a0518878c5c37b5ee2"
      },
      "phantomjs": {
        "git": "https://github.com/gadicohen/meteor-phantomjs.git",
        "branch": "master",
        "commit": "a72eb79af068dd5d5d617ac71a42bd74e0cb52a4"
      },
      "font-awesome": {
        "git": "https://github.com/nate-strauser/meteor-font-awesome.git",
        "tag": "v3.2.1",
        "commit": "38bdfff72dfb8857b272f9a9b056045d6a015489"
      },
      "bootstrap-3": {
        "git": "https://github.com/mangasocial/meteor-bootstrap-3.git",
        "tag": "v0.3.5",
        "commit": "47996f67f3987c9f82117394effcbe1586a4fe29"
      },
      "fork-me": {
        "git": "https://github.com/awatson1978/meteor-fork-me.git",
        "branch": "master",
        "commit": "dff960ce3e47ad6619787801bcc4888c6b0d3bea"
      }
    }
  }
}
